<?xml version="1.0" encoding="UTF-8"?>
<CONFIG>
  <ProjectOptions>
    <Version Value="12"/>
    <General><MainUnit Value="0"/><Title Value="Grim Hollow"/><UseAppBundle Value="False"/><ResourceType Value="res"/></General>
    <RequiredPackages Count="1"><Item1><PackageName Value="LCL"/></Item1></RequiredPackages>
    <Units Count="2">
      <Unit0><Filename Value="GrimHollow.lpr"/><IsPartOfProject Value="True"/></Unit0>
      <Unit1><Filename Value="src/Main.pas"/><IsPartOfProject Value="True"/></Unit1>
    </Units>
  </ProjectOptions>
  <CompilerOptions>
    <Version Value="11"/>
    <Target><Filename Value="../../build/client/$(TargetOS)/grim-hollow"/></Target>
    <SearchPaths><OtherUnitFiles Value="src;../../packages/protocol-pascal/src"/><UnitOutputDirectory Value="lib/$(TargetCPU)-$(TargetOS)"/></SearchPaths>
    <Parsing><SyntaxOptions><SyntaxMode Value="ObjFPC"/></SyntaxOptions></Parsing>
    <CodeGeneration><Checks><IOChecks Value="True"/><RangeChecks Value="True"/><OverflowChecks Value="True"/><StackChecks Value="True"/></Checks></CodeGeneration>
    <Linking><Debugging><GenerateDebugInfo Value="True"/></Debugging></Linking>
  </CompilerOptions>
</CONFIG>
